
Microsoft Visual Studio Solution File, Format Version 12.00
# Visual Studio Version 17
VisualStudioVersion = 17.2.32519.379
MinimumVisualStudioVersion = 10.0.40219.1
Project("{FAE04EC0-301F-11D3-BF4B-00C04F79EFBC}") = "WebDriveTests", "WebDriveTests\WebDriveTests.csproj", "{2693B352-FA80-4BD4-AAA8-D16BFDB9762E}"
EndProject
Global
	GlobalSection(SolutionConfigurationPlatforms) = preSolution
		Debug|Any CPU = Debug|Any CPU
		Release|Any CPU = Release|Any CPU
	EndGlobalSection
	GlobalSection(ProjectConfigurationPlatforms) = postSolution
		{2693B352-FA80-4BD4-AAA8-D16BFDB9762E}.Debug|Any CPU.ActiveCfg = Debug|Any CPU
		{2693B352-FA80-4BD4-AAA8-D16BFDB9762E}.Debug|Any CPU.Build.0 = Debug|Any CPU
		{2693B352-FA80-4BD4-AAA8-D16BFDB9762E}.Release|Any CPU.ActiveCfg = Release|Any CPU
		{2693B352-FA80-4BD4-AAA8-D16BFDB9762E}.Release|Any CPU.Build.0 = Release|Any CPU
	EndGlobalSection
	GlobalSection(SolutionProperties) = preSolution
		HideSolutionNode = FALSE
	EndGlobalSection
	GlobalSection(ExtensibilityGlobals) = postSolution
		SolutionGuid = {B6A97C53-266F-4A4A-9A9E-B43052404122}
	EndGlobalSection
EndGlobal
